
Microsoft Visual Studio Solution File, Format Version 12.00
# Visual Studio Version 17
VisualStudioVersion = 17.0.31903.59
MinimumVisualStudioVersion = 10.0.40219.1
Project("{FAE04EC0-301F-11D3-BF4B-00C04F79EFBC}") = "PrimeService", "PrimeService\PrimeService.csproj", "{722D7C3E-BBD3-4265-9D25-F01451BF2F4B}"
EndProject
Project("{FAE04EC0-301F-11D3-BF4B-00C04F79EFBC}") = "PrimeService.Tests", "PrimeService.Tests\PrimeService.Tests.csproj", "{86B30F88-67E8-4CFE-A33A-366892FEDC07}"
EndProject
Global
	GlobalSection(SolutionConfigurationPlatforms) = preSolution
		Debug|Any CPU = Debug|Any CPU
		Release|Any CPU = Release|Any CPU
	EndGlobalSection
	GlobalSection(SolutionProperties) = preSolution
		HideSolutionNode = FALSE
	EndGlobalSection
	GlobalSection(ProjectConfigurationPlatforms) = postSolution
		{722D7C3E-BBD3-4265-9D25-F01451BF2F4B}.Debug|Any CPU.ActiveCfg = Debug|Any CPU
		{722D7C3E-BBD3-4265-9D25-F01451BF2F4B}.Debug|Any CPU.Build.0 = Debug|Any CPU
		{722D7C3E-BBD3-4265-9D25-F01451BF2F4B}.Release|Any CPU.ActiveCfg = Release|Any CPU
		{722D7C3E-BBD3-4265-9D25-F01451BF2F4B}.Release|Any CPU.Build.0 = Release|Any CPU
		{86B30F88-67E8-4CFE-A33A-366892FEDC07}.Debug|Any CPU.ActiveCfg = Debug|Any CPU
		{86B30F88-67E8-4CFE-A33A-366892FEDC07}.Debug|Any CPU.Build.0 = Debug|Any CPU
		{86B30F88-67E8-4CFE-A33A-366892FEDC07}.Release|Any CPU.ActiveCfg = Release|Any CPU
		{86B30F88-67E8-4CFE-A33A-366892FEDC07}.Release|Any CPU.Build.0 = Release|Any CPU
	EndGlobalSection
EndGlobal
